
Microsoft Visual Studio Solution File, Format Version 12.00
# Visual Studio Version 17
VisualStudioVersion = 17.3.32901.215
MinimumVisualStudioVersion = 10.0.40219.1
Project("{FAE04EC0-301F-11D3-BF4B-00C04F79EFBC}") = "quiz2", "quiz2\quiz2.csproj", "{50A097BA-9059-4CF1-B7C6-A8A976FA82A7}"
EndProject
Global
	GlobalSection(SolutionConfigurationPlatforms) = preSolution
		Debug|Any CPU = Debug|Any CPU
		Release|Any CPU = Release|Any CPU
	EndGlobalSection
	GlobalSection(ProjectConfigurationPlatforms) = postSolution
		{50A097BA-9059-4CF1-B7C6-A8A976FA82A7}.Debug|Any CPU.ActiveCfg = Debug|Any CPU
		{50A097BA-9059-4CF1-B7C6-A8A976FA82A7}.Debug|Any CPU.Build.0 = Debug|Any CPU
		{50A097BA-9059-4CF1-B7C6-A8A976FA82A7}.Release|Any CPU.ActiveCfg = Release|Any CPU
		{50A097BA-9059-4CF1-B7C6-A8A976FA82A7}.Release|Any CPU.Build.0 = Release|Any CPU
	EndGlobalSection
	GlobalSection(SolutionProperties) = preSolution
		HideSolutionNode = FALSE
	EndGlobalSection
	GlobalSection(ExtensibilityGlobals) = postSolution
		SolutionGuid = {FAEFDE9E-544F-4011-84C5-FCCA5AAFEB3D}
	EndGlobalSection
EndGlobal
